{
  "nodes": {
    "disko": {
      "inputs": {
        "nixpkgs": [
          "nixpkgs"
        ]
      },
      "locked": {
        "lastModified": 1743598667,
        "narHash": "sha256-ViE7NoFWytYO2uJONTAX35eGsvTYXNHjWALeHAg8OQY=",
        "owner": "nix-community",
        "repo": "disko",
        "rev": "329d3d7e8bc63dd30c39e14e6076db590a6eabe6",
        "type": "github"
      },
      "original": {
        "owner": "nix-community",
        "repo": "disko",
        "type": "github"
      }
    },
    "nixos-facter-modules": {
      "locked": {
        "lastModified": 1743671943,
        "narHash": "sha256-7sYig0+RcrR3sOL5M+2spbpFUHyEP7cnUvCaqFOBjyU=",
        "owner": "numtide",
        "repo": "nixos-facter-modules",
        "rev": "58ad9691670d293a15221d4a78818e0088d2e086",
        "type": "github"
      },
      "original": {
        "owner": "numtide",
        "repo": "nixos-facter-modules",
        "type": "github"
      }
    },
    "nixpkgs": {
      "locked": {
        "lastModified": 1743689281,
        "narHash": "sha256-y7Hg5lwWhEOgflEHRfzSH96BOt26LaYfrYWzZ+VoVdg=",
        "owner": "NixOS",
        "repo": "nixpkgs",
        "rev": "2bfc080955153be0be56724be6fa5477b4eefabb",
        "type": "github"
      },
      "original": {
        "owner": "NixOS",
        "ref": "nixpkgs-unstable",
        "repo": "nixpkgs",
        "type": "github"
      }
    },
    "root": {
      "inputs": {
        "disko": "disko",
        "nixos-facter-modules": "nixos-facter-modules",
        "nixpkgs": "nixpkgs"
      }
    }
  },
  "root": "root",
  "version": 7
}
